<?xml version="1.0" encoding="utf-8"?>
<Project ToolsVersion="4.0" xmlns="http://schemas.microsoft.com/developer/msbuild/2003">
  <ItemGroup>
    <Filter Include="App">
      <UniqueIdentifier>{afbe9ece-a751-4992-96c7-8067d0e0cb3e}</UniqueIdentifier>
    </Filter>
    <Filter Include="uCOS-II">
      <UniqueIdentifier>{632d1f73-74a3-4397-a78f-dd9df7177375}</UniqueIdentifier>
    </Filter>
    <Filter Include="uCOS-II-Port">
      <UniqueIdentifier>{eaaaa9c2-f242-4047-acd0-78eda716b792}</UniqueIdentifier>
    </Filter>
  </ItemGroup>
  <ItemGroup>
    <ClInclude Include="app_cfg.h">
      <Filter>App</Filter>
    </ClInclude>
    <ClInclude Include="includes.h">
      <Filter>App</Filter>
    </ClInclude>
    <ClInclude Include="Source\os_cfg.h">
      <Filter>uCOS-II</Filter>
    </ClInclude>
    <ClInclude Include="Source\ucos_ii.h">
      <Filter>uCOS-II</Filter>
    </ClInclude>
    <ClInclude Include="Ports\WIN32\os_cpu.h">
      <Filter>uCOS-II-Port</Filter>
    </ClInclude>
    <ClInclude Include="Ports\WIN32\os_trace.h">
      <Filter>uCOS-II-Port</Filter>
    </ClInclude>
  </ItemGroup>
  <ItemGroup>
    <ClCompile Include="main.c">
      <Filter>App</Filter>
    </ClCompile>
    <ClCompile Include="Source\os_dbg_r.c">
      <Filter>uCOS-II</Filter>
    </ClCompile>
    <ClCompile Include="Source\ucos_ii.c">
      <Filter>uCOS-II</Filter>
    </ClCompile>
    <ClCompile Include="Ports\WIN32\os_cpu_c.c">
      <Filter>uCOS-II-Port</Filter>
    </ClCompile>
    <ClCompile Include="Ports\WIN32\os_trace.c">
      <Filter>uCOS-II-Port</Filter>
    </ClCompile>
  </ItemGroup>
</Project>